// !$*UTF8*$!
{
	archiveVersion = 1;
	classes = {
	};
	objectVersion = 56;
	objects = {

/* Begin PBXBuildFile section */
		67A050E62B36363200F7140F /* ToDoTaskApp.swift in Sources */ = {isa = PBXBuildFile; fileRef = 67A050E52B36363200F7140F /* ToDoTaskApp.swift */; };
		67A050E82B36363200F7140F /* ContentView.swift in Sources */ = {isa = PBXBuildFile; fileRef = 67A050E72B36363200F7140F /* ContentView.swift */; };
		67A050EA2B36363400F7140F /* Assets.xcassets in Resources */ = {isa = PBXBuildFile; fileRef = 67A050E92B36363400F7140F /* Assets.xcassets */; };
		67A050ED2B36363400F7140F /* Preview Assets.xcassets in Resources */ = {isa = PBXBuildFile; fileRef = 67A050EC2B36363400F7140F /* Preview Assets.xcassets */; };
		67A050F42B36367300F7140F /* TaskView.swift in Sources */ = {isa = PBXBuildFile; fileRef = 67A050F32B36367300F7140F /* TaskView.swift */; };
		67A050F82B36393E00F7140F /* TaskRow.swift in Sources */ = {isa = PBXBuildFile; fileRef = 67A050F72B36393E00F7140F /* TaskRow.swift */; };
		67A050FA2B363C0B00F7140F /* AddTaskView.swift in Sources */ = {isa = PBXBuildFile; fileRef = 67A050F92B363C0B00F7140F /* AddTaskView.swift */; };
		67A050FC2B36408F00F7140F /* SmallAdButton.swift in Sources */ = {isa = PBXBuildFile; fileRef = 67A050FB2B36408F00F7140F /* SmallAdButton.swift */; };
		67A050FF2B36481600F7140F /* Realm in Frameworks */ = {isa = PBXBuildFile; productRef = 67A050FE2B36481600F7140F /* Realm */; };
		67A051012B36481600F7140F /* RealmSwift in Frameworks */ = {isa = PBXBuildFile; productRef = 67A051002B36481600F7140F /* RealmSwift */; };
		67A051032B36487800F7140F /* RealmManager.swift in Sources */ = {isa = PBXBuildFile; fileRef = 67A051022B36487800F7140F /* RealmManager.swift */; };
		67A051052B364AC000F7140F /* Task.swift in Sources */ = {isa = PBXBuildFile; fileRef = 67A051042B364AC000F7140F /* Task.swift */; };
/* End PBXBuildFile section */

/* Begin PBXFileReference section */
		67A050E22B36363200F7140F /* ToDoTask.app */ = {isa = PBXFileReference; explicitFileType = wrapper.application; includeInIndex = 0; path = ToDoTask.app; sourceTree = BUILT_PRODUCTS_DIR; };
		67A050E52B36363200F7140F /* ToDoTaskApp.swift */ = {isa = PBXFileReference; lastKnownFileType = sourcecode.swift; path = ToDoTaskApp.swift; sourceTree = "<group>"; };
		67A050E72B36363200F7140F /* ContentView.swift */ = {isa = PBXFileReference; lastKnownFileType = sourcecode.swift; path = ContentView.swift; sourceTree = "<group>"; };
		67A050E92B36363400F7140F /* Assets.xcassets */ = {isa = PBXFileReference; lastKnownFileType = folder.assetcatalog; path = Assets.xcassets; sourceTree = "<group>"; };
		67A050EC2B36363400F7140F /* Preview Assets.xcassets */ = {isa = PBXFileReference; lastKnownFileType = folder.assetcatalog; path = "Preview Assets.xcassets"; sourceTree = "<group>"; };
		67A050F32B36367300F7140F /* TaskView.swift */ = {isa = PBXFileReference; lastKnownFileType = sourcecode.swift; path = TaskView.swift; sourceTree = "<group>"; };
		67A050F72B36393E00F7140F /* TaskRow.swift */ = {isa = PBXFileReference; lastKnownFileType = sourcecode.swift; path = TaskRow.swift; sourceTree = "<group>"; };
		67A050F92B363C0B00F7140F /* AddTaskView.swift */ = {isa = PBXFileReference; lastKnownFileType = sourcecode.swift; path = AddTaskView.swift; sourceTree = "<group>"; };
		67A050FB2B36408F00F7140F /* SmallAdButton.swift */ = {isa = PBXFileReference; lastKnownFileType = sourcecode.swift; path = SmallAdButton.swift; sourceTree = "<group>"; };
		67A051022B36487800F7140F /* RealmManager.swift */ = {isa = PBXFileReference; lastKnownFileType = sourcecode.swift; path = RealmManager.swift; sourceTree = "<group>"; };
		67A051042B364AC000F7140F /* Task.swift */ = {isa = PBXFileReference; lastKnownFileType = sourcecode.swift; path = Task.swift; sourceTree = "<group>"; };
/* End PBXFileReference section */

/* Begin PBXFrameworksBuildPhase section */
		67A050DF2B36363200F7140F /* Frameworks */ = {
			isa = PBXFrameworksBuildPhase;
			buildActionMask = 2147483647;
			files = (
				67A051012B36481600F7140F /* RealmSwift in Frameworks */,
				67A050FF2B36481600F7140F /* Realm in Frameworks */,
			);
			runOnlyForDeploymentPostprocessing = 0;
		};
/* End PBXFrameworksBuildPhase section */

/* Begin PBXGroup section */
		67A050D92B36363200F7140F = {
			isa = PBXGroup;
			children = (
				67A050E42B36363200F7140F /* ToDoTask */,
				67A050E32B36363200F7140F /* Products */,
			);
			sourceTree = "<group>";
		};
		67A050E32B36363200F7140F /* Products */ = {
			isa = PBXGroup;
			children = (
				67A050E22B36363200F7140F /* ToDoTask.app */,
			);
			name = Products;
			sourceTree = "<group>";
		};
		67A050E42B36363200F7140F /* ToDoTask */ = {
			isa = PBXGroup;
			children = (
				67A050F62B36390A00F7140F /* Conponent */,
				67A050F52B3636CE00F7140F /* Views */,
				67A050E52B36363200F7140F /* ToDoTaskApp.swift */,
				67A050E92B36363400F7140F /* Assets.xcassets */,
				67A050EB2B36363400F7140F /* Preview Content */,
				67A051022B36487800F7140F /* RealmManager.swift */,
				67A051042B364AC000F7140F /* Task.swift */,
			);
			path = ToDoTask;
			sourceTree = "<group>";
		};
		67A050EB2B36363400F7140F /* Preview Content */ = {
			isa = PBXGroup;
			children = (
				67A050EC2B36363400F7140F /* Preview Assets.xcassets */,
			);
			path = "Preview Content";
			sourceTree = "<group>";
		};
		67A050F52B3636CE00F7140F /* Views */ = {
			isa = PBXGroup;
			children = (
				67A050E72B36363200F7140F /* ContentView.swift */,
				67A050F32B36367300F7140F /* TaskView.swift */,
				67A050F72B36393E00F7140F /* TaskRow.swift */,
				67A050F92B363C0B00F7140F /* AddTaskView.swift */,
			);
			path = Views;
			sourceTree = "<group>";
		};
		67A050F62B36390A00F7140F /* Conponent */ = {
			isa = PBXGroup;
			children = (
				67A050FB2B36408F00F7140F /* SmallAdButton.swift */,
			);
			path = Conponent;
			sourceTree = "<group>";
		};
/* End PBXGroup section */

/* Begin PBXNativeTarget section */
		67A050E12B36363200F7140F /* ToDoTask */ = {
			isa = PBXNativeTarget;
			buildConfigurationList = 67A050F02B36363400F7140F /* Build configuration list for PBXNativeTarget "ToDoTask" */;
			buildPhases = (
				67A050DE2B36363200F7140F /* Sources */,
				67A050DF2B36363200F7140F /* Frameworks */,
				67A050E02B36363200F7140F /* Resources */,
			);
			buildRules = (
			);
			dependencies = (
			);
			name = ToDoTask;
			packageProductDependencies = (
				67A050FE2B36481600F7140F /* Realm */,
				67A051002B36481600F7140F /* RealmSwift */,
			);
			productName = ToDoTask;
			productReference = 67A050E22B36363200F7140F /* ToDoTask.app */;
			productType = "com.apple.product-type.application";
		};
/* End PBXNativeTarget section */

/* Begin PBXProject section */
		67A050DA2B36363200F7140F /* Project object */ = {
			isa = PBXProject;
			attributes = {
				BuildIndependentTargetsInParallel = 1;
				LastSwiftUpdateCheck = 1510;
				LastUpgradeCheck = 1510;
				TargetAttributes = {
					67A050E12B36363200F7140F = {
						CreatedOnToolsVersion = 15.1;
					};
				};
			};
			buildConfigurationList = 67A050DD2B36363200F7140F /* Build configuration list for PBXProject "ToDoTask" */;
			compatibilityVersion = "Xcode 14.0";
			developmentRegion = en;
			hasScannedForEncodings = 0;
			knownRegions = (
				en,
				Base,
			);
			mainGroup = 67A050D92B36363200F7140F;
			packageReferences = (
				67A050FD2B36481600F7140F /* XCRemoteSwiftPackageReference "realm-cocoa" */,
			);
			productRefGroup = 67A050E32B36363200F7140F /* Products */;
			projectDirPath = "";
			projectRoot = "";
			targets = (
				67A050E12B36363200F7140F /* ToDoTask */,
			);
		};
/* End PBXProject section */

/* Begin PBXResourcesBuildPhase section */
		67A050E02B36363200F7140F /* Resources */ = {
			isa = PBXResourcesBuildPhase;
			buildActionMask = 2147483647;
			files = (
				67A050ED2B36363400F7140F /* Preview Assets.xcassets in Resources */,
				67A050EA2B36363400F7140F /* Assets.xcassets in Resources */,
			);
			runOnlyForDeploymentPostprocessing = 0;
		};
/* End PBXResourcesBuildPhase section */

/* Begin PBXSourcesBuildPhase section */
		67A050DE2B36363200F7140F /* Sources */ = {
			isa = PBXSourcesBuildPhase;
			buildActionMask = 2147483647;
			files = (
				67A051052B364AC000F7140F /* Task.swift in Sources */,
				67A050FC2B36408F00F7140F /* SmallAdButton.swift in Sources */,
				67A050F42B36367300F7140F /* TaskView.swift in Sources */,
				67A050FA2B363C0B00F7140F /* AddTaskView.swift in Sources */,
				67A050E82B36363200F7140F /* ContentView.swift in Sources */,
				67A050E62B36363200F7140F /* ToDoTaskApp.swift in Sources */,
				67A051032B36487800F7140F /* RealmManager.swift in Sources */,
				67A050F82B36393E00F7140F /* TaskRow.swift in Sources */,
			);
			runOnlyForDeploymentPostprocessing = 0;
		};
/* End PBXSourcesBuildPhase section */

/* Begin XCBuildConfiguration section */
		67A050EE2B36363400F7140F /* Debug */ = {
			isa = XCBuildConfiguration;
			buildSettings = {
				ALWAYS_SEARCH_USER_PATHS = NO;
				ASSETCATALOG_COMPILER_GENERATE_SWIFT_ASSET_SYMBOL_EXTENSIONS = YES;
				CLANG_ANALYZER_NONNULL = YES;
				CLANG_ANALYZER_NUMBER_OBJECT_CONVERSION = YES_AGGRESSIVE;
				CLANG_CXX_LANGUAGE_STANDARD = "gnu++20";
				CLANG_ENABLE_MODULES = YES;
				CLANG_ENABLE_OBJC_ARC = YES;
				CLANG_ENABLE_OBJC_WEAK = YES;
				CLANG_WARN_BLOCK_CAPTURE_AUTORELEASING = YES;
				CLANG_WARN_BOOL_CONVERSION = YES;
				CLANG_WARN_COMMA = YES;
				CLANG_WARN_CONSTANT_CONVERSION = YES;
				CLANG_WARN_DEPRECATED_OBJC_IMPLEMENTATIONS = YES;
				CLANG_WARN_DIRECT_OBJC_ISA_USAGE = YES_ERROR;
				CLANG_WARN_DOCUMENTATION_COMMENTS = YES;
				CLANG_WARN_EMPTY_BODY = YES;
				CLANG_WARN_ENUM_CONVERSION = YES;
				CLANG_WARN_INFINITE_RECURSION = YES;
				CLANG_WARN_INT_CONVERSION = YES;
				CLANG_WARN_NON_LITERAL_NULL_CONVERSION = YES;
				CLANG_WARN_OBJC_IMPLICIT_RETAIN_SELF = YES;
				CLANG_WARN_OBJC_LITERAL_CONVERSION = YES;
				CLANG_WARN_OBJC_ROOT_CLASS = YES_ERROR;
				CLANG_WARN_QUOTED_INCLUDE_IN_FRAMEWORK_HEADER = YES;
				CLANG_WARN_RANGE_LOOP_ANALYSIS = YES;
				CLANG_WARN_STRICT_PROTOTYPES = YES;
				CLANG_WARN_SUSPICIOUS_MOVE = YES;
				CLANG_WARN_UNGUARDED_AVAILABILITY = YES_AGGRESSIVE;
				CLANG_WARN_UNREACHABLE_CODE = YES;
				CLANG_WARN__DUPLICATE_METHOD_MATCH = YES;
				COPY_PHASE_STRIP = NO;
				DEBUG_INFORMATION_FORMAT = dwarf;
				ENABLE_STRICT_OBJC_MSGSEND = YES;
				ENABLE_TESTABILITY = YES;
				ENABLE_USER_SCRIPT_SANDBOXING = YES;
				GCC_C_LANGUAGE_STANDARD = gnu17;
				GCC_DYNAMIC_NO_PIC = NO;
				GCC_NO_COMMON_BLOCKS = YES;
				GCC_OPTIMIZATION_LEVEL = 0;
				GCC_PREPROCESSOR_DEFINITIONS = (
					"DEBUG=1",
					"$(inherited)",
				);
				GCC_WARN_64_TO_32_BIT_CONVERSION = YES;
				GCC_WARN_ABOUT_RETURN_TYPE = YES_ERROR;
				GCC_WARN_UNDECLARED_SELECTOR = YES;
				GCC_WARN_UNINITIALIZED_AUTOS = YES_AGGRESSIVE;
				GCC_WARN_UNUSED_FUNCTION = YES;
				GCC_WARN_UNUSED_VARIABLE = YES;
				IPHONEOS_DEPLOYMENT_TARGET = 17.2;
				LOCALIZATION_PREFERS_STRING_CATALOGS = YES;
				MTL_ENABLE_DEBUG_INFO = INCLUDE_SOURCE;
				MTL_FAST_MATH = YES;
				ONLY_ACTIVE_ARCH = YES;
				SDKROOT = iphoneos;
				SWIFT_ACTIVE_COMPILATION_CONDITIONS = "DEBUG $(inherited)";
				SWIFT_OPTIMIZATION_LEVEL = "-Onone";
			};
			name = Debug;
		};
		67A050EF2B36363400F7140F /* Release */ = {
			isa = XCBuildConfiguration;
			buildSettings = {
				ALWAYS_SEARCH_USER_PATHS = NO;
				ASSETCATALOG_COMPILER_GENERATE_SWIFT_ASSET_SYMBOL_EXTENSIONS = YES;
				CLANG_ANALYZER_NONNULL = YES;
				CLANG_ANALYZER_NUMBER_OBJECT_CONVERSION = YES_AGGRESSIVE;
				CLANG_CXX_LANGUAGE_STANDARD = "gnu++20";
				CLANG_ENABLE_MODULES = YES;
				CLANG_ENABLE_OBJC_ARC = YES;
				CLANG_ENABLE_OBJC_WEAK = YES;
				CLANG_WARN_BLOCK_CAPTURE_AUTORELEASING = YES;
				CLANG_WARN_BOOL_CONVERSION = YES;
				CLANG_WARN_COMMA = YES;
				CLANG_WARN_CONSTANT_CONVERSION = YES;
				CLANG_WARN_DEPRECATED_OBJC_IMPLEMENTATIONS = YES;
				CLANG_WARN_DIRECT_OBJC_ISA_USAGE = YES_ERROR;
				CLANG_WARN_DOCUMENTATION_COMMENTS = YES;
				CLANG_WARN_EMPTY_BODY = YES;
				CLANG_WARN_ENUM_CONVERSION = YES;
				CLANG_WARN_INFINITE_RECURSION = YES;
				CLANG_WARN_INT_CONVERSION = YES;
				CLANG_WARN_NON_LITERAL_NULL_CONVERSION = YES;
				CLANG_WARN_OBJC_IMPLICIT_RETAIN_SELF = YES;
				CLANG_WARN_OBJC_LITERAL_CONVERSION = YES;
				CLANG_WARN_OBJC_ROOT_CLASS = YES_ERROR;
				CLANG_WARN_QUOTED_INCLUDE_IN_FRAMEWORK_HEADER = YES;
				CLANG_WARN_RANGE_LOOP_ANALYSIS = YES;
				CLANG_WARN_STRICT_PROTOTYPES = YES;
				CLANG_WARN_SUSPICIOUS_MOVE = YES;
				CLANG_WARN_UNGUARDED_AVAILABILITY = YES_AGGRESSIVE;
				CLANG_WARN_UNREACHABLE_CODE = YES;
				CLANG_WARN__DUPLICATE_METHOD_MATCH = YES;
				COPY_PHASE_STRIP = NO;
				DEBUG_INFORMATION_FORMAT = "dwarf-with-dsym";
				ENABLE_NS_ASSERTIONS = NO;
				ENABLE_STRICT_OBJC_MSGSEND = YES;
				ENABLE_USER_SCRIPT_SANDBOXING = YES;
				GCC_C_LANGUAGE_STANDARD = gnu17;
				GCC_NO_COMMON_BLOCKS = YES;
				GCC_WARN_64_TO_32_BIT_CONVERSION = YES;
				GCC_WARN_ABOUT_RETURN_TYPE = YES_ERROR;
				GCC_WARN_UNDECLARED_SELECTOR = YES;
				GCC_WARN_UNINITIALIZED_AUTOS = YES_AGGRESSIVE;
				GCC_WARN_UNUSED_FUNCTION = YES;
				GCC_WARN_UNUSED_VARIABLE = YES;
				IPHONEOS_DEPLOYMENT_TARGET = 17.2;
				LOCALIZATION_PREFERS_STRING_CATALOGS = YES;
				MTL_ENABLE_DEBUG_INFO = NO;
				MTL_FAST_MATH = YES;
				SDKROOT = iphoneos;
				SWIFT_COMPILATION_MODE = wholemodule;
				VALIDATE_PRODUCT = YES;
			};
			name = Release;
		};
		67A050F12B36363400F7140F /* Debug */ = {
			isa = XCBuildConfiguration;
			buildSettings = {
				ASSETCATALOG_COMPILER_APPICON_NAME = AppIcon;
				ASSETCATALOG_COMPILER_GLOBAL_ACCENT_COLOR_NAME = AccentColor;
				CODE_SIGN_STYLE = Automatic;
				CURRENT_PROJECT_VERSION = 1;
				DEVELOPMENT_ASSET_PATHS = "\"ToDoTask/Preview Content\"";
				DEVELOPMENT_TEAM = MY2A75TB4A;
				ENABLE_PREVIEWS = YES;
				GENERATE_INFOPLIST_FILE = YES;
				INFOPLIST_KEY_UIApplicationSceneManifest_Generation = YES;
				INFOPLIST_KEY_UIApplicationSupportsIndirectInputEvents = YES;
				INFOPLIST_KEY_UILaunchScreen_Generation = YES;
				INFOPLIST_KEY_UISupportedInterfaceOrientations_iPad = "UIInterfaceOrientationPortrait UIInterfaceOrientationPortraitUpsideDown UIInterfaceOrientationLandscapeLeft UIInterfaceOrientationLandscapeRight";
				INFOPLIST_KEY_UISupportedInterfaceOrientations_iPhone = "UIInterfaceOrientationPortrait UIInterfaceOrientationLandscapeLeft UIInterfaceOrientationLandscapeRight";
				LD_RUNPATH_SEARCH_PATHS = (
					"$(inherited)",
					"@executable_path/Frameworks",
				);
				MARKETING_VERSION = 1.0;
				PRODUCT_BUNDLE_IDENTIFIER = com.developeras.ToDoTask;
				PRODUCT_NAME = "$(TARGET_NAME)";
				SWIFT_EMIT_LOC_STRINGS = YES;
				SWIFT_VERSION = 5.0;
				TARGETED_DEVICE_FAMILY = "1,2";
			};
			name = Debug;
		};
		67A050F22B36363400F7140F /* Release */ = {
			isa = XCBuildConfiguration;
			buildSettings = {
				ASSETCATALOG_COMPILER_APPICON_NAME = AppIcon;
				ASSETCATALOG_COMPILER_GLOBAL_ACCENT_COLOR_NAME = AccentColor;
				CODE_SIGN_STYLE = Automatic;
				CURRENT_PROJECT_VERSION = 1;
				DEVELOPMENT_ASSET_PATHS = "\"ToDoTask/Preview Content\"";
				DEVELOPMENT_TEAM = MY2A75TB4A;
				ENABLE_PREVIEWS = YES;
				GENERATE_INFOPLIST_FILE = YES;
				INFOPLIST_KEY_UIApplicationSceneManifest_Generation = YES;
				INFOPLIST_KEY_UIApplicationSupportsIndirectInputEvents = YES;
				INFOPLIST_KEY_UILaunchScreen_Generation = YES;
				INFOPLIST_KEY_UISupportedInterfaceOrientations_iPad = "UIInterfaceOrientationPortrait UIInterfaceOrientationPortraitUpsideDown UIInterfaceOrientationLandscapeLeft UIInterfaceOrientationLandscapeRight";
				INFOPLIST_KEY_UISupportedInterfaceOrientations_iPhone = "UIInterfaceOrientationPortrait UIInterfaceOrientationLandscapeLeft UIInterfaceOrientationLandscapeRight";
				LD_RUNPATH_SEARCH_PATHS = (
					"$(inherited)",
					"@executable_path/Frameworks",
				);
				MARKETING_VERSION = 1.0;
				PRODUCT_BUNDLE_IDENTIFIER = com.developeras.ToDoTask;
				PRODUCT_NAME = "$(TARGET_NAME)";
				SWIFT_EMIT_LOC_STRINGS = YES;
				SWIFT_VERSION = 5.0;
				TARGETED_DEVICE_FAMILY = "1,2";
			};
			name = Release;
		};
/* End XCBuildConfiguration section */

/* Begin XCConfigurationList section */
		67A050DD2B36363200F7140F /* Build configuration list for PBXProject "ToDoTask" */ = {
			isa = XCConfigurationList;
			buildConfigurations = (
				67A050EE2B36363400F7140F /* Debug */,
				67A050EF2B36363400F7140F /* Release */,
			);
			defaultConfigurationIsVisible = 0;
			defaultConfigurationName = Release;
		};
		67A050F02B36363400F7140F /* Build configuration list for PBXNativeTarget "ToDoTask" */ = {
			isa = XCConfigurationList;
			buildConfigurations = (
				67A050F12B36363400F7140F /* Debug */,
				67A050F22B36363400F7140F /* Release */,
			);
			defaultConfigurationIsVisible = 0;
			defaultConfigurationName = Release;
		};
/* End XCConfigurationList section */

/* Begin XCRemoteSwiftPackageReference section */
		67A050FD2B36481600F7140F /* XCRemoteSwiftPackageReference "realm-cocoa" */ = {
			isa = XCRemoteSwiftPackageReference;
			repositoryURL = "https://github.com/realm/realm-cocoa.git";
			requirement = {
				kind = upToNextMajorVersion;
				minimumVersion = 10.10.0;
			};
		};
/* End XCRemoteSwiftPackageReference section */

/* Begin XCSwiftPackageProductDependency section */
		67A050FE2B36481600F7140F /* Realm */ = {
			isa = XCSwiftPackageProductDependency;
			package = 67A050FD2B36481600F7140F /* XCRemoteSwiftPackageReference "realm-cocoa" */;
			productName = Realm;
		};
		67A051002B36481600F7140F /* RealmSwift */ = {
			isa = XCSwiftPackageProductDependency;
			package = 67A050FD2B36481600F7140F /* XCRemoteSwiftPackageReference "realm-cocoa" */;
			productName = RealmSwift;
		};
/* End XCSwiftPackageProductDependency section */
	};
	rootObject = 67A050DA2B36363200F7140F /* Project object */;
}
